
Microsoft Visual Studio Solution File, Format Version 12.00
# Visual Studio Version 17
VisualStudioVersion = 17.9.34714.143
MinimumVisualStudioVersion = 10.0.40219.1
Project("{FAE04EC0-301F-11D3-BF4B-00C04F79EFBC}") = "ussd", "ussd\ussd.csproj", "{C816153F-0288-497F-BA39-73D5264C0605}"
EndProject
Global
	GlobalSection(SolutionConfigurationPlatforms) = preSolution
		Debug|Any CPU = Debug|Any CPU
		Release|Any CPU = Release|Any CPU
	EndGlobalSection
	GlobalSection(ProjectConfigurationPlatforms) = postSolution
		{C816153F-0288-497F-BA39-73D5264C0605}.Debug|Any CPU.ActiveCfg = Debug|Any CPU
		{C816153F-0288-497F-BA39-73D5264C0605}.Debug|Any CPU.Build.0 = Debug|Any CPU
		{C816153F-0288-497F-BA39-73D5264C0605}.Release|Any CPU.ActiveCfg = Release|Any CPU
		{C816153F-0288-497F-BA39-73D5264C0605}.Release|Any CPU.Build.0 = Release|Any CPU
	EndGlobalSection
	GlobalSection(SolutionProperties) = preSolution
		HideSolutionNode = FALSE
	EndGlobalSection
	GlobalSection(ExtensibilityGlobals) = postSolution
		SolutionGuid = {B856AB2F-9CC9-4838-B6B3-5B89CFBA01C8}
	EndGlobalSection
EndGlobal
